
Microsoft Visual Studio Solution File, Format Version 12.00
# Visual Studio Version 17
VisualStudioVersion = 17.10.35122.118
MinimumVisualStudioVersion = 10.0.40219.1
Project("{FAE04EC0-301F-11D3-BF4B-00C04F79EFBC}") = "PrimeiroProjeto", "PrimeiroProjeto\PrimeiroProjeto.csproj", "{1E96C29A-0965-4D12-BCF3-C930BCB6A382}"
EndProject
Global
	GlobalSection(SolutionConfigurationPlatforms) = preSolution
		Debug|Any CPU = Debug|Any CPU
		Release|Any CPU = Release|Any CPU
	EndGlobalSection
	GlobalSection(ProjectConfigurationPlatforms) = postSolution
		{1E96C29A-0965-4D12-BCF3-C930BCB6A382}.Debug|Any CPU.ActiveCfg = Debug|Any CPU
		{1E96C29A-0965-4D12-BCF3-C930BCB6A382}.Debug|Any CPU.Build.0 = Debug|Any CPU
		{1E96C29A-0965-4D12-BCF3-C930BCB6A382}.Release|Any CPU.ActiveCfg = Release|Any CPU
		{1E96C29A-0965-4D12-BCF3-C930BCB6A382}.Release|Any CPU.Build.0 = Release|Any CPU
	EndGlobalSection
	GlobalSection(SolutionProperties) = preSolution
		HideSolutionNode = FALSE
	EndGlobalSection
	GlobalSection(ExtensibilityGlobals) = postSolution
		SolutionGuid = {8D82F5A7-7134-43DB-BB3E-BF6F118171C6}
	EndGlobalSection
EndGlobal
